{
  "requires": true,
  "lockfileVersion": 1,
  "dependencies": {
    "vue-search-select": {
      "version": "2.8.3",
      "resolved": "https://registry.npmjs.org/vue-search-select/-/vue-search-select-2.8.3.tgz",
      "integrity": "sha512-m9hyq0ZytReFmfIso1GQ2MekQNPkM3wSPD8YQ9BxrvMhiQ7kZorD85mwMTEJSX3lqgg/J4hxlJwfHGvYssdBBw=="
    }
  }
}
