# THIS IS AN AUTOGENERATED FILE. DO NOT EDIT THIS FILE DIRECTLY.
# yarn lockfile v1


vue-search-select@^2.6.3-alpha.1:
  version "2.6.3-alpha.1"
  resolved "https://registry.yarnpkg.com/vue-search-select/-/vue-search-select-2.6.3-alpha.1.tgz#a17f20ac27b50ecc7b2ba15bfde7145dfc1e5d06"
  integrity sha512-tYjPkqJ3oqciwDiu4Ui9zPb/jUwKbli4+pOfAtB6Wqew9QerXJejiMA0Pmi7wCoBfR67ozpQ1oL/zOlxlCGqag==
